
Microsoft Visual Studio Solution File, Format Version 12.00
# Visual Studio Version 17
VisualStudioVersion = 17.4.33213.308
MinimumVisualStudioVersion = 10.0.40219.1
Project("{FAE04EC0-301F-11D3-BF4B-00C04F79EFBC}") = "AspNetCoreWebApp", "AspNetCoreWebApp\AspNetCoreWebApp.csproj", "{F5BE26F6-1FC3-40B2-838E-E323A56B3631}"
EndProject
Global
	GlobalSection(SolutionConfigurationPlatforms) = preSolution
		Debug|Any CPU = Debug|Any CPU
		Release|Any CPU = Release|Any CPU
	EndGlobalSection
	GlobalSection(ProjectConfigurationPlatforms) = postSolution
		{F5BE26F6-1FC3-40B2-838E-E323A56B3631}.Debug|Any CPU.ActiveCfg = Debug|Any CPU
		{F5BE26F6-1FC3-40B2-838E-E323A56B3631}.Debug|Any CPU.Build.0 = Debug|Any CPU
		{F5BE26F6-1FC3-40B2-838E-E323A56B3631}.Release|Any CPU.ActiveCfg = Release|Any CPU
		{F5BE26F6-1FC3-40B2-838E-E323A56B3631}.Release|Any CPU.Build.0 = Release|Any CPU
	EndGlobalSection
	GlobalSection(SolutionProperties) = preSolution
		HideSolutionNode = FALSE
	EndGlobalSection
	GlobalSection(ExtensibilityGlobals) = postSolution
		SolutionGuid = {AE5BD3D2-148D-4B08-9B0B-92261AD90655}
	EndGlobalSection
EndGlobal
